
Microsoft Visual Studio Solution File, Format Version 12.00
# Visual Studio 14
VisualStudioVersion = 14.0.25420.1
MinimumVisualStudioVersion = 10.0.40219.1
Project("{F14B399A-7131-4C87-9E4B-1186C45EF12D}") = "SSRS_Admision_UNSA_Cubes", "SSRS_Admision_UNSA_Cubes\SSRS_Admision_UNSA_Cubes.rptproj", "{D8CD78B1-ED9E-43DB-8AC7-74800910F78C}"
EndProject
Global
	GlobalSection(SolutionConfigurationPlatforms) = preSolution
		Debug|Default = Debug|Default
		DebugLocal|Default = DebugLocal|Default
		Release|Default = Release|Default
	EndGlobalSection
	GlobalSection(ProjectConfigurationPlatforms) = postSolution
		{D8CD78B1-ED9E-43DB-8AC7-74800910F78C}.Debug|Default.ActiveCfg = Debug
		{D8CD78B1-ED9E-43DB-8AC7-74800910F78C}.Debug|Default.Build.0 = Debug
		{D8CD78B1-ED9E-43DB-8AC7-74800910F78C}.Debug|Default.Deploy.0 = Debug
		{D8CD78B1-ED9E-43DB-8AC7-74800910F78C}.DebugLocal|Default.ActiveCfg = DebugLocal
		{D8CD78B1-ED9E-43DB-8AC7-74800910F78C}.DebugLocal|Default.Build.0 = DebugLocal
		{D8CD78B1-ED9E-43DB-8AC7-74800910F78C}.Release|Default.ActiveCfg = Release
		{D8CD78B1-ED9E-43DB-8AC7-74800910F78C}.Release|Default.Build.0 = Release
		{D8CD78B1-ED9E-43DB-8AC7-74800910F78C}.Release|Default.Deploy.0 = Release
	EndGlobalSection
	GlobalSection(SolutionProperties) = preSolution
		HideSolutionNode = FALSE
	EndGlobalSection
EndGlobal
